
Microsoft Visual Studio Solution File, Format Version 12.00
# Visual Studio Version 16
VisualStudioVersion = 16.0.29209.62
MinimumVisualStudioVersion = 10.0.40219.1
Project("{FAE04EC0-301F-11D3-BF4B-00C04F79EFBC}") = "Rybie", "Rybie\Rybie.csproj", "{688AD4CB-DFC5-44CD-91BB-9259AA94726F}"
EndProject
Global
	GlobalSection(SolutionConfigurationPlatforms) = preSolution
		Debug|Any CPU = Debug|Any CPU
		Release|Any CPU = Release|Any CPU
	EndGlobalSection
	GlobalSection(ProjectConfigurationPlatforms) = postSolution
		{688AD4CB-DFC5-44CD-91BB-9259AA94726F}.Debug|Any CPU.ActiveCfg = Debug|Any CPU
		{688AD4CB-DFC5-44CD-91BB-9259AA94726F}.Debug|Any CPU.Build.0 = Debug|Any CPU
		{688AD4CB-DFC5-44CD-91BB-9259AA94726F}.Release|Any CPU.ActiveCfg = Release|Any CPU
		{688AD4CB-DFC5-44CD-91BB-9259AA94726F}.Release|Any CPU.Build.0 = Release|Any CPU
	EndGlobalSection
	GlobalSection(SolutionProperties) = preSolution
		HideSolutionNode = FALSE
	EndGlobalSection
	GlobalSection(ExtensibilityGlobals) = postSolution
		SolutionGuid = {B78E0782-92DA-48A1-8241-B9211B3014A1}
	EndGlobalSection
EndGlobal
